
Microsoft Visual Studio Solution File, Format Version 12.00
# Visual Studio Version 16
VisualStudioVersion = 16.0.30711.63
MinimumVisualStudioVersion = 10.0.40219.1
Project("{FAE04EC0-301F-11D3-BF4B-00C04F79EFBC}") = "BaiTapThietKeForm", "BaiTapThietKeForm\BaiTapThietKeForm.csproj", "{A1DD29AD-0534-44C9-810F-9C83B58A011B}"
EndProject
Global
	GlobalSection(SolutionConfigurationPlatforms) = preSolution
		Debug|Any CPU = Debug|Any CPU
		Release|Any CPU = Release|Any CPU
	EndGlobalSection
	GlobalSection(ProjectConfigurationPlatforms) = postSolution
		{A1DD29AD-0534-44C9-810F-9C83B58A011B}.Debug|Any CPU.ActiveCfg = Debug|Any CPU
		{A1DD29AD-0534-44C9-810F-9C83B58A011B}.Debug|Any CPU.Build.0 = Debug|Any CPU
		{A1DD29AD-0534-44C9-810F-9C83B58A011B}.Release|Any CPU.ActiveCfg = Release|Any CPU
		{A1DD29AD-0534-44C9-810F-9C83B58A011B}.Release|Any CPU.Build.0 = Release|Any CPU
	EndGlobalSection
	GlobalSection(SolutionProperties) = preSolution
		HideSolutionNode = FALSE
	EndGlobalSection
	GlobalSection(ExtensibilityGlobals) = postSolution
		SolutionGuid = {1C032E26-63E0-49FB-B92C-490B836A4821}
	EndGlobalSection
EndGlobal
